// !$*UTF8*$!
{
	archiveVersion = 1;
	classes = {
	};
	objectVersion = 50;
	objects = {

/* Begin PBXBuildFile section */
		61B3B4CE22DFF74A00D58E66 /* AppDelegate.swift in Sources */ = {isa = PBXBuildFile; fileRef = 61B3B4CD22DFF74A00D58E66 /* AppDelegate.swift */; };
		61B3B4D022DFF74A00D58E66 /* ViewController.swift in Sources */ = {isa = PBXBuildFile; fileRef = 61B3B4CF22DFF74A00D58E66 /* ViewController.swift */; };
		61B3B4D322DFF74A00D58E66 /* Main.storyboard in Resources */ = {isa = PBXBuildFile; fileRef = 61B3B4D122DFF74A00D58E66 /* Main.storyboard */; };
		61B3B4D522DFF74B00D58E66 /* Assets.xcassets in Resources */ = {isa = PBXBuildFile; fileRef = 61B3B4D422DFF74B00D58E66 /* Assets.xcassets */; };
		61B3B4D822DFF74B00D58E66 /* LaunchScreen.storyboard in Resources */ = {isa = PBXBuildFile; fileRef = 61B3B4D622DFF74B00D58E66 /* LaunchScreen.storyboard */; };
		61B3B4E322DFF74B00D58E66 /* iBeaconBroadcasterTests.swift in Sources */ = {isa = PBXBuildFile; fileRef = 61B3B4E222DFF74B00D58E66 /* iBeaconBroadcasterTests.swift */; };
/* End PBXBuildFile section */

/* Begin PBXContainerItemProxy section */
		61B3B4DF22DFF74B00D58E66 /* PBXContainerItemProxy */ = {
			isa = PBXContainerItemProxy;
			containerPortal = 61B3B4C222DFF74A00D58E66 /* Project object */;
			proxyType = 1;
			remoteGlobalIDString = 61B3B4C922DFF74A00D58E66;
			remoteInfo = iBeaconBroadcaster;
		};
/* End PBXContainerItemProxy section */

/* Begin PBXFileReference section */
		61B3B4CA22DFF74A00D58E66 /* iBeaconBroadcaster.app */ = {isa = PBXFileReference; explicitFileType = wrapper.application; includeInIndex = 0; path = iBeaconBroadcaster.app; sourceTree = BUILT_PRODUCTS_DIR; };
		61B3B4CD22DFF74A00D58E66 /* AppDelegate.swift */ = {isa = PBXFileReference; lastKnownFileType = sourcecode.swift; path = AppDelegate.swift; sourceTree = "<group>"; };
		61B3B4CF22DFF74A00D58E66 /* ViewController.swift */ = {isa = PBXFileReference; lastKnownFileType = sourcecode.swift; path = ViewController.swift; sourceTree = "<group>"; };
		61B3B4D222DFF74A00D58E66 /* Base */ = {isa = PBXFileReference; lastKnownFileType = file.storyboard; name = Base; path = Base.lproj/Main.storyboard; sourceTree = "<group>"; };
		61B3B4D422DFF74B00D58E66 /* Assets.xcassets */ = {isa = PBXFileReference; lastKnownFileType = folder.assetcatalog; path = Assets.xcassets; sourceTree = "<group>"; };
		61B3B4D722DFF74B00D58E66 /* Base */ = {isa = PBXFileReference; lastKnownFileType = file.storyboard; name = Base; path = Base.lproj/LaunchScreen.storyboard; sourceTree = "<group>"; };
		61B3B4D922DFF74B00D58E66 /* Info.plist */ = {isa = PBXFileReference; lastKnownFileType = text.plist.xml; path = Info.plist; sourceTree = "<group>"; };
		61B3B4DE22DFF74B00D58E66 /* iBeaconBroadcasterTests.xctest */ = {isa = PBXFileReference; explicitFileType = wrapper.cfbundle; includeInIndex = 0; path = iBeaconBroadcasterTests.xctest; sourceTree = BUILT_PRODUCTS_DIR; };
		61B3B4E222DFF74B00D58E66 /* iBeaconBroadcasterTests.swift */ = {isa = PBXFileReference; lastKnownFileType = sourcecode.swift; path = iBeaconBroadcasterTests.swift; sourceTree = "<group>"; };
		61B3B4E422DFF74B00D58E66 /* Info.plist */ = {isa = PBXFileReference; lastKnownFileType = text.plist.xml; path = Info.plist; sourceTree = "<group>"; };
/* End PBXFileReference section */

/* Begin PBXFrameworksBuildPhase section */
		61B3B4C722DFF74A00D58E66 /* Frameworks */ = {
			isa = PBXFrameworksBuildPhase;
			buildActionMask = 2147483647;
			files = (
			);
			runOnlyForDeploymentPostprocessing = 0;
		};
		61B3B4DB22DFF74B00D58E66 /* Frameworks */ = {
			isa = PBXFrameworksBuildPhase;
			buildActionMask = 2147483647;
			files = (
			);
			runOnlyForDeploymentPostprocessing = 0;
		};
/* End PBXFrameworksBuildPhase section */

/* Begin PBXGroup section */
		61B3B4C122DFF74A00D58E66 = {
			isa = PBXGroup;
			children = (
				61B3B4CC22DFF74A00D58E66 /* iBeaconBroadcaster */,
				61B3B4E122DFF74B00D58E66 /* iBeaconBroadcasterTests */,
				61B3B4CB22DFF74A00D58E66 /* Products */,
			);
			sourceTree = "<group>";
		};
		61B3B4CB22DFF74A00D58E66 /* Products */ = {
			isa = PBXGroup;
			children = (
				61B3B4CA22DFF74A00D58E66 /* iBeaconBroadcaster.app */,
				61B3B4DE22DFF74B00D58E66 /* iBeaconBroadcasterTests.xctest */,
			);
			name = Products;
			sourceTree = "<group>";
		};
		61B3B4CC22DFF74A00D58E66 /* iBeaconBroadcaster */ = {
			isa = PBXGroup;
			children = (
				61B3B4CD22DFF74A00D58E66 /* AppDelegate.swift */,
				61B3B4CF22DFF74A00D58E66 /* ViewController.swift */,
				61B3B4D122DFF74A00D58E66 /* Main.storyboard */,
				61B3B4D422DFF74B00D58E66 /* Assets.xcassets */,
				61B3B4D622DFF74B00D58E66 /* LaunchScreen.storyboard */,
				61B3B4D922DFF74B00D58E66 /* Info.plist */,
			);
			path = iBeaconBroadcaster;
			sourceTree = "<group>";
		};
		61B3B4E122DFF74B00D58E66 /* iBeaconBroadcasterTests */ = {
			isa = PBXGroup;
			children = (
				61B3B4E222DFF74B00D58E66 /* iBeaconBroadcasterTests.swift */,
				61B3B4E422DFF74B00D58E66 /* Info.plist */,
			);
			path = iBeaconBroadcasterTests;
			sourceTree = "<group>";
		};
/* End PBXGroup section */

/* Begin PBXNativeTarget section */
		61B3B4C922DFF74A00D58E66 /* iBeaconBroadcaster */ = {
			isa = PBXNativeTarget;
			buildConfigurationList = 61B3B4E722DFF74B00D58E66 /* Build configuration list for PBXNativeTarget "iBeaconBroadcaster" */;
			buildPhases = (
				61B3B4C622DFF74A00D58E66 /* Sources */,
				61B3B4C722DFF74A00D58E66 /* Frameworks */,
				61B3B4C822DFF74A00D58E66 /* Resources */,
			);
			buildRules = (
			);
			dependencies = (
			);
			name = iBeaconBroadcaster;
			productName = iBeaconBroadcaster;
			productReference = 61B3B4CA22DFF74A00D58E66 /* iBeaconBroadcaster.app */;
			productType = "com.apple.product-type.application";
		};
		61B3B4DD22DFF74B00D58E66 /* iBeaconBroadcasterTests */ = {
			isa = PBXNativeTarget;
			buildConfigurationList = 61B3B4EA22DFF74B00D58E66 /* Build configuration list for PBXNativeTarget "iBeaconBroadcasterTests" */;
			buildPhases = (
				61B3B4DA22DFF74B00D58E66 /* Sources */,
				61B3B4DB22DFF74B00D58E66 /* Frameworks */,
				61B3B4DC22DFF74B00D58E66 /* Resources */,
			);
			buildRules = (
			);
			dependencies = (
				61B3B4E022DFF74B00D58E66 /* PBXTargetDependency */,
			);
			name = iBeaconBroadcasterTests;
			productName = iBeaconBroadcasterTests;
			productReference = 61B3B4DE22DFF74B00D58E66 /* iBeaconBroadcasterTests.xctest */;
			productType = "com.apple.product-type.bundle.unit-test";
		};
/* End PBXNativeTarget section */

/* Begin PBXProject section */
		61B3B4C222DFF74A00D58E66 /* Project object */ = {
			isa = PBXProject;
			attributes = {
				LastSwiftUpdateCheck = 1020;
				LastUpgradeCheck = 1020;
				ORGANIZATIONNAME = "Richard de Borja";
				TargetAttributes = {
					61B3B4C922DFF74A00D58E66 = {
						CreatedOnToolsVersion = 10.2.1;
					};
					61B3B4DD22DFF74B00D58E66 = {
						CreatedOnToolsVersion = 10.2.1;
						TestTargetID = 61B3B4C922DFF74A00D58E66;
					};
				};
			};
			buildConfigurationList = 61B3B4C522DFF74A00D58E66 /* Build configuration list for PBXProject "iBeaconBroadcaster" */;
			compatibilityVersion = "Xcode 9.3";
			developmentRegion = en;
			hasScannedForEncodings = 0;
			knownRegions = (
				en,
				Base,
			);
			mainGroup = 61B3B4C122DFF74A00D58E66;
			productRefGroup = 61B3B4CB22DFF74A00D58E66 /* Products */;
			projectDirPath = "";
			projectRoot = "";
			targets = (
				61B3B4C922DFF74A00D58E66 /* iBeaconBroadcaster */,
				61B3B4DD22DFF74B00D58E66 /* iBeaconBroadcasterTests */,
			);
		};
/* End PBXProject section */

/* Begin PBXResourcesBuildPhase section */
		61B3B4C822DFF74A00D58E66 /* Resources */ = {
			isa = PBXResourcesBuildPhase;
			buildActionMask = 2147483647;
			files = (
				61B3B4D822DFF74B00D58E66 /* LaunchScreen.storyboard in Resources */,
				61B3B4D522DFF74B00D58E66 /* Assets.xcassets in Resources */,
				61B3B4D322DFF74A00D58E66 /* Main.storyboard in Resources */,
			);
			runOnlyForDeploymentPostprocessing = 0;
		};
		61B3B4DC22DFF74B00D58E66 /* Resources */ = {
			isa = PBXResourcesBuildPhase;
			buildActionMask = 2147483647;
			files = (
			);
			runOnlyForDeploymentPostprocessing = 0;
		};
/* End PBXResourcesBuildPhase section */

/* Begin PBXSourcesBuildPhase section */
		61B3B4C622DFF74A00D58E66 /* Sources */ = {
			isa = PBXSourcesBuildPhase;
			buildActionMask = 2147483647;
			files = (
				61B3B4D022DFF74A00D58E66 /* ViewController.swift in Sources */,
				61B3B4CE22DFF74A00D58E66 /* AppDelegate.swift in Sources */,
			);
			runOnlyForDeploymentPostprocessing = 0;
		};
		61B3B4DA22DFF74B00D58E66 /* Sources */ = {
			isa = PBXSourcesBuildPhase;
			buildActionMask = 2147483647;
			files = (
				61B3B4E322DFF74B00D58E66 /* iBeaconBroadcasterTests.swift in Sources */,
			);
			runOnlyForDeploymentPostprocessing = 0;
		};
/* End PBXSourcesBuildPhase section */

/* Begin PBXTargetDependency section */
		61B3B4E022DFF74B00D58E66 /* PBXTargetDependency */ = {
			isa = PBXTargetDependency;
			target = 61B3B4C922DFF74A00D58E66 /* iBeaconBroadcaster */;
			targetProxy = 61B3B4DF22DFF74B00D58E66 /* PBXContainerItemProxy */;
		};
/* End PBXTargetDependency section */

/* Begin PBXVariantGroup section */
		61B3B4D122DFF74A00D58E66 /* Main.storyboard */ = {
			isa = PBXVariantGroup;
			children = (
				61B3B4D222DFF74A00D58E66 /* Base */,
			);
			name = Main.storyboard;
			sourceTree = "<group>";
		};
		61B3B4D622DFF74B00D58E66 /* LaunchScreen.storyboard */ = {
			isa = PBXVariantGroup;
			children = (
				61B3B4D722DFF74B00D58E66 /* Base */,
			);
			name = LaunchScreen.storyboard;
			sourceTree = "<group>";
		};
/* End PBXVariantGroup section */

/* Begin XCBuildConfiguration section */
		61B3B4E522DFF74B00D58E66 /* Debug */ = {
			isa = XCBuildConfiguration;
			buildSettings = {
				ALWAYS_SEARCH_USER_PATHS = NO;
				CLANG_ANALYZER_NONNULL = YES;
				CLANG_ANALYZER_NUMBER_OBJECT_CONVERSION = YES_AGGRESSIVE;
				CLANG_CXX_LANGUAGE_STANDARD = "gnu++14";
				CLANG_CXX_LIBRARY = "libc++";
				CLANG_ENABLE_MODULES = YES;
				CLANG_ENABLE_OBJC_ARC = YES;
				CLANG_ENABLE_OBJC_WEAK = YES;
				CLANG_WARN_BLOCK_CAPTURE_AUTORELEASING = YES;
				CLANG_WARN_BOOL_CONVERSION = YES;
				CLANG_WARN_COMMA = YES;
				CLANG_WARN_CONSTANT_CONVERSION = YES;
				CLANG_WARN_DEPRECATED_OBJC_IMPLEMENTATIONS = YES;
				CLANG_WARN_DIRECT_OBJC_ISA_USAGE = YES_ERROR;
				CLANG_WARN_DOCUMENTATION_COMMENTS = YES;
				CLANG_WARN_EMPTY_BODY = YES;
				CLANG_WARN_ENUM_CONVERSION = YES;
				CLANG_WARN_INFINITE_RECURSION = YES;
				CLANG_WARN_INT_CONVERSION = YES;
				CLANG_WARN_NON_LITERAL_NULL_CONVERSION = YES;
				CLANG_WARN_OBJC_IMPLICIT_RETAIN_SELF = YES;
				CLANG_WARN_OBJC_LITERAL_CONVERSION = YES;
				CLANG_WARN_OBJC_ROOT_CLASS = YES_ERROR;
				CLANG_WARN_RANGE_LOOP_ANALYSIS = YES;
				CLANG_WARN_STRICT_PROTOTYPES = YES;
				CLANG_WARN_SUSPICIOUS_MOVE = YES;
				CLANG_WARN_UNGUARDED_AVAILABILITY = YES_AGGRESSIVE;
				CLANG_WARN_UNREACHABLE_CODE = YES;
				CLANG_WARN__DUPLICATE_METHOD_MATCH = YES;
				CODE_SIGN_IDENTITY = "iPhone Developer";
				COPY_PHASE_STRIP = NO;
				DEBUG_INFORMATION_FORMAT = dwarf;
				ENABLE_STRICT_OBJC_MSGSEND = YES;
				ENABLE_TESTABILITY = YES;
				GCC_C_LANGUAGE_STANDARD = gnu11;
				GCC_DYNAMIC_NO_PIC = NO;
				GCC_NO_COMMON_BLOCKS = YES;
				GCC_OPTIMIZATION_LEVEL = 0;
				GCC_PREPROCESSOR_DEFINITIONS = (
					"DEBUG=1",
					"$(inherited)",
				);
				GCC_WARN_64_TO_32_BIT_CONVERSION = YES;
				GCC_WARN_ABOUT_RETURN_TYPE = YES_ERROR;
				GCC_WARN_UNDECLARED_SELECTOR = YES;
				GCC_WARN_UNINITIALIZED_AUTOS = YES_AGGRESSIVE;
				GCC_WARN_UNUSED_FUNCTION = YES;
				GCC_WARN_UNUSED_VARIABLE = YES;
				IPHONEOS_DEPLOYMENT_TARGET = 12.2;
				MTL_ENABLE_DEBUG_INFO = INCLUDE_SOURCE;
				MTL_FAST_MATH = YES;
				ONLY_ACTIVE_ARCH = YES;
				SDKROOT = iphoneos;
				SWIFT_ACTIVE_COMPILATION_CONDITIONS = DEBUG;
				SWIFT_OPTIMIZATION_LEVEL = "-Onone";
			};
			name = Debug;
		};
		61B3B4E622DFF74B00D58E66 /* Release */ = {
			isa = XCBuildConfiguration;
			buildSettings = {
				ALWAYS_SEARCH_USER_PATHS = NO;
				CLANG_ANALYZER_NONNULL = YES;
				CLANG_ANALYZER_NUMBER_OBJECT_CONVERSION = YES_AGGRESSIVE;
				CLANG_CXX_LANGUAGE_STANDARD = "gnu++14";
				CLANG_CXX_LIBRARY = "libc++";
				CLANG_ENABLE_MODULES = YES;
				CLANG_ENABLE_OBJC_ARC = YES;
				CLANG_ENABLE_OBJC_WEAK = YES;
				CLANG_WARN_BLOCK_CAPTURE_AUTORELEASING = YES;
				CLANG_WARN_BOOL_CONVERSION = YES;
				CLANG_WARN_COMMA = YES;
				CLANG_WARN_CONSTANT_CONVERSION = YES;
				CLANG_WARN_DEPRECATED_OBJC_IMPLEMENTATIONS = YES;
				CLANG_WARN_DIRECT_OBJC_ISA_USAGE = YES_ERROR;
				CLANG_WARN_DOCUMENTATION_COMMENTS = YES;
				CLANG_WARN_EMPTY_BODY = YES;
				CLANG_WARN_ENUM_CONVERSION = YES;
				CLANG_WARN_INFINITE_RECURSION = YES;
				CLANG_WARN_INT_CONVERSION = YES;
				CLANG_WARN_NON_LITERAL_NULL_CONVERSION = YES;
				CLANG_WARN_OBJC_IMPLICIT_RETAIN_SELF = YES;
				CLANG_WARN_OBJC_LITERAL_CONVERSION = YES;
				CLANG_WARN_OBJC_ROOT_CLASS = YES_ERROR;
				CLANG_WARN_RANGE_LOOP_ANALYSIS = YES;
				CLANG_WARN_STRICT_PROTOTYPES = YES;
				CLANG_WARN_SUSPICIOUS_MOVE = YES;
				CLANG_WARN_UNGUARDED_AVAILABILITY = YES_AGGRESSIVE;
				CLANG_WARN_UNREACHABLE_CODE = YES;
				CLANG_WARN__DUPLICATE_METHOD_MATCH = YES;
				CODE_SIGN_IDENTITY = "iPhone Developer";
				COPY_PHASE_STRIP = NO;
				DEBUG_INFORMATION_FORMAT = "dwarf-with-dsym";
				ENABLE_NS_ASSERTIONS = NO;
				ENABLE_STRICT_OBJC_MSGSEND = YES;
				GCC_C_LANGUAGE_STANDARD = gnu11;
				GCC_NO_COMMON_BLOCKS = YES;
				GCC_WARN_64_TO_32_BIT_CONVERSION = YES;
				GCC_WARN_ABOUT_RETURN_TYPE = YES_ERROR;
				GCC_WARN_UNDECLARED_SELECTOR = YES;
				GCC_WARN_UNINITIALIZED_AUTOS = YES_AGGRESSIVE;
				GCC_WARN_UNUSED_FUNCTION = YES;
				GCC_WARN_UNUSED_VARIABLE = YES;
				IPHONEOS_DEPLOYMENT_TARGET = 12.2;
				MTL_ENABLE_DEBUG_INFO = NO;
				MTL_FAST_MATH = YES;
				SDKROOT = iphoneos;
				SWIFT_COMPILATION_MODE = wholemodule;
				SWIFT_OPTIMIZATION_LEVEL = "-O";
				VALIDATE_PRODUCT = YES;
			};
			name = Release;
		};
		61B3B4E822DFF74B00D58E66 /* Debug */ = {
			isa = XCBuildConfiguration;
			buildSettings = {
				ASSETCATALOG_COMPILER_APPICON_NAME = AppIcon;
				CODE_SIGN_STYLE = Automatic;
				DEVELOPMENT_TEAM = MRF3KZDEYC;
				INFOPLIST_FILE = iBeaconBroadcaster/Info.plist;
				LD_RUNPATH_SEARCH_PATHS = (
					"$(inherited)",
					"@executable_path/Frameworks",
				);
				PRODUCT_BUNDLE_IDENTIFIER = com.richarddeborja.app.iBeaconBroadcaster;
				PRODUCT_NAME = "$(TARGET_NAME)";
				SWIFT_VERSION = 5.0;
				TARGETED_DEVICE_FAMILY = "1,2";
			};
			name = Debug;
		};
		61B3B4E922DFF74B00D58E66 /* Release */ = {
			isa = XCBuildConfiguration;
			buildSettings = {
				ASSETCATALOG_COMPILER_APPICON_NAME = AppIcon;
				CODE_SIGN_STYLE = Automatic;
				DEVELOPMENT_TEAM = MRF3KZDEYC;
				INFOPLIST_FILE = iBeaconBroadcaster/Info.plist;
				LD_RUNPATH_SEARCH_PATHS = (
					"$(inherited)",
					"@executable_path/Frameworks",
				);
				PRODUCT_BUNDLE_IDENTIFIER = com.richarddeborja.app.iBeaconBroadcaster;
				PRODUCT_NAME = "$(TARGET_NAME)";
				SWIFT_VERSION = 5.0;
				TARGETED_DEVICE_FAMILY = "1,2";
			};
			name = Release;
		};
		61B3B4EB22DFF74B00D58E66 /* Debug */ = {
			isa = XCBuildConfiguration;
			buildSettings = {
				ALWAYS_EMBED_SWIFT_STANDARD_LIBRARIES = YES;
				BUNDLE_LOADER = "$(TEST_HOST)";
				CODE_SIGN_STYLE = Automatic;
				DEVELOPMENT_TEAM = MRF3KZDEYC;
				INFOPLIST_FILE = iBeaconBroadcasterTests/Info.plist;
				LD_RUNPATH_SEARCH_PATHS = (
					"$(inherited)",
					"@executable_path/Frameworks",
					"@loader_path/Frameworks",
				);
				PRODUCT_BUNDLE_IDENTIFIER = com.richarddeborja.app.iBeaconBroadcasterTests;
				PRODUCT_NAME = "$(TARGET_NAME)";
				SWIFT_VERSION = 5.0;
				TARGETED_DEVICE_FAMILY = "1,2";
				TEST_HOST = "$(BUILT_PRODUCTS_DIR)/iBeaconBroadcaster.app/iBeaconBroadcaster";
			};
			name = Debug;
		};
		61B3B4EC22DFF74B00D58E66 /* Release */ = {
			isa = XCBuildConfiguration;
			buildSettings = {
				ALWAYS_EMBED_SWIFT_STANDARD_LIBRARIES = YES;
				BUNDLE_LOADER = "$(TEST_HOST)";
				CODE_SIGN_STYLE = Automatic;
				DEVELOPMENT_TEAM = MRF3KZDEYC;
				INFOPLIST_FILE = iBeaconBroadcasterTests/Info.plist;
				LD_RUNPATH_SEARCH_PATHS = (
					"$(inherited)",
					"@executable_path/Frameworks",
					"@loader_path/Frameworks",
				);
				PRODUCT_BUNDLE_IDENTIFIER = com.richarddeborja.app.iBeaconBroadcasterTests;
				PRODUCT_NAME = "$(TARGET_NAME)";
				SWIFT_VERSION = 5.0;
				TARGETED_DEVICE_FAMILY = "1,2";
				TEST_HOST = "$(BUILT_PRODUCTS_DIR)/iBeaconBroadcaster.app/iBeaconBroadcaster";
			};
			name = Release;
		};
/* End XCBuildConfiguration section */

/* Begin XCConfigurationList section */
		61B3B4C522DFF74A00D58E66 /* Build configuration list for PBXProject "iBeaconBroadcaster" */ = {
			isa = XCConfigurationList;
			buildConfigurations = (
				61B3B4E522DFF74B00D58E66 /* Debug */,
				61B3B4E622DFF74B00D58E66 /* Release */,
			);
			defaultConfigurationIsVisible = 0;
			defaultConfigurationName = Release;
		};
		61B3B4E722DFF74B00D58E66 /* Build configuration list for PBXNativeTarget "iBeaconBroadcaster" */ = {
			isa = XCConfigurationList;
			buildConfigurations = (
				61B3B4E822DFF74B00D58E66 /* Debug */,
				61B3B4E922DFF74B00D58E66 /* Release */,
			);
			defaultConfigurationIsVisible = 0;
			defaultConfigurationName = Release;
		};
		61B3B4EA22DFF74B00D58E66 /* Build configuration list for PBXNativeTarget "iBeaconBroadcasterTests" */ = {
			isa = XCConfigurationList;
			buildConfigurations = (
				61B3B4EB22DFF74B00D58E66 /* Debug */,
				61B3B4EC22DFF74B00D58E66 /* Release */,
			);
			defaultConfigurationIsVisible = 0;
			defaultConfigurationName = Release;
		};
/* End XCConfigurationList section */
	};
	rootObject = 61B3B4C222DFF74A00D58E66 /* Project object */;
}
